{
  "name": "codekit-project",
  "version": "1.0.0",
  "lockfileVersion": 1,
  "requires": true,
  "dependencies": {
    "gsap": {
      "version": "3.9.1",
      "resolved": "https://registry.npmjs.org/gsap/-/gsap-3.9.1.tgz",
      "integrity": "sha512-JSGVYoC6da4pIjdF/yxFU6Rz8OojOIDkbooveZlfNg0+JIoFoRruyfWAEi6R/gUeNcuOiTqUIb0gi1nCNrHf8w=="
    }
  }
}
